
Microsoft Visual Studio Solution File, Format Version 12.00
# Visual Studio Version 17
VisualStudioVersion = 17.3.32825.248
MinimumVisualStudioVersion = 10.0.40219.1
Project("{FAE04EC0-301F-11D3-BF4B-00C04F79EFBC}") = "ProyectoKafkaProductor", "ProyectoKafkaProductor\ProyectoKafkaProductor.csproj", "{FB0FAAE5-9663-4430-9C0D-34F22BE940BF}"
EndProject
Global
	GlobalSection(SolutionConfigurationPlatforms) = preSolution
		Debug|Any CPU = Debug|Any CPU
		Release|Any CPU = Release|Any CPU
	EndGlobalSection
	GlobalSection(ProjectConfigurationPlatforms) = postSolution
		{FB0FAAE5-9663-4430-9C0D-34F22BE940BF}.Debug|Any CPU.ActiveCfg = Debug|Any CPU
		{FB0FAAE5-9663-4430-9C0D-34F22BE940BF}.Debug|Any CPU.Build.0 = Debug|Any CPU
		{FB0FAAE5-9663-4430-9C0D-34F22BE940BF}.Release|Any CPU.ActiveCfg = Release|Any CPU
		{FB0FAAE5-9663-4430-9C0D-34F22BE940BF}.Release|Any CPU.Build.0 = Release|Any CPU
	EndGlobalSection
	GlobalSection(SolutionProperties) = preSolution
		HideSolutionNode = FALSE
	EndGlobalSection
	GlobalSection(ExtensibilityGlobals) = postSolution
		SolutionGuid = {DA2E9DE1-F2AB-45B3-9D4A-FFE1FE4A824E}
	EndGlobalSection
EndGlobal
